{
  "version": 4,
  "terraform_version": "1.11.4",
  "serial": 211,
  "lineage": "94df7b0d-4a2f-3fad-c050-613992253e34",
  "outputs": {},
  "resources": [
    {
      "mode": "managed",
      "type": "helm_release",
      "name": "otel_operator",
      "provider": "provider[\"registry.terraform.io/hashicorp/helm\"]",
      "instances": [
        {
          "schema_version": 1,
          "attributes": {
            "atomic": false,
            "chart": "opentelemetry-operator",
            "cleanup_on_fail": false,
            "create_namespace": true,
            "dependency_update": false,
            "description": null,
            "devel": null,
            "disable_crd_hooks": false,
            "disable_openapi_validation": false,
            "disable_webhooks": false,
            "force_update": false,
            "id": "opentelemetry-operator",
            "keyring": null,
            "lint": false,
            "manifest": null,
            "max_history": 0,
            "metadata": [
              {
                "app_version": "0.126.0",
                "chart": "opentelemetry-operator",
                "first_deployed": 1749502446,
                "last_deployed": 1749502446,
                "name": "opentelemetry-operator",
                "namespace": "opentelemetry-operator-system",
                "notes": "\n[WARNING] No resource limits or requests were set. Consider setter resource requests and limits via the `resources` field.\n\n\nopentelemetry-operator has been installed. Check its status by running:\n  kubectl --namespace opentelemetry-operator-system get pods -l \"app.kubernetes.io/instance=opentelemetry-operator\"\n\nVisit https://github.com/open-telemetry/opentelemetry-operator for instructions on how to create \u0026 configure OpenTelemetryCollector and Instrumentation custom resources by using the Operator.\n",
                "revision": 1,
                "values": "{}",
                "version": "0.90.3"
              }
            ],
            "name": "opentelemetry-operator",
            "namespace": "opentelemetry-operator-system",
            "pass_credentials": false,
            "postrender": [],
            "recreate_pods": false,
            "render_subchart_notes": true,
            "replace": false,
            "repository": "https://open-telemetry.github.io/opentelemetry-helm-charts",
            "repository_ca_file": null,
            "repository_cert_file": null,
            "repository_key_file": null,
            "repository_password": null,
            "repository_username": null,
            "reset_values": false,
            "reuse_values": false,
            "set": [],
            "set_list": [],
            "set_sensitive": [],
            "skip_crds": false,
            "status": "deployed",
            "timeout": 300,
            "upgrade_install": null,
            "values": null,
            "verify": false,
            "version": "0.90.3",
            "wait": true,
            "wait_for_jobs": false
          },
          "sensitive_attributes": [
            [
              {
                "type": "get_attr",
                "value": "repository_password"
              }
            ]
          ],
          "private": "eyJzY2hlbWFfdmVyc2lvbiI6IjEifQ==",
          "dependencies": [
            "helm_release.cert_manager",
            "null_resource.create_k3d_cluster"
          ]
        }
      ]
    },
    {
      "mode": "managed",
      "type": "null_resource",
      "name": "create_k3d_cluster",
      "provider": "provider[\"registry.terraform.io/hashicorp/null\"]",
      "instances": [
        {
          "schema_version": 0,
          "attributes": {
            "id": "1657289136886350682",
            "triggers": {
              "always_run": "2025-06-09T20:53:18Z"
            }
          },
          "sensitive_attributes": []
        }
      ]
    }
  ],
  "check_results": null
}
